
Microsoft Visual Studio Solution File, Format Version 12.00
# Visual Studio Version 17
VisualStudioVersion = 17.0.31612.314
MinimumVisualStudioVersion = 10.0.40219.1
Project("{9A19103F-16F7-4668-BE54-9A1E7A4F7556}") = "Netigent.Utils.Ldap", "Netigent.Utils.Ldap\Netigent.Utils.Ldap.csproj", "{57808FCF-D1FC-4599-BB6A-B2CD327B1E12}"
EndProject
Project("{2150E333-8FDC-42A3-9474-1A3956D46DE8}") = "Solution Items", "Solution Items", "{6B58AC35-11D7-4998-B04B-FA47D23C9B4A}"
	ProjectSection(SolutionItems) = preProject
		README.md = README.md
	EndProjectSection
EndProject
Global
	GlobalSection(SolutionConfigurationPlatforms) = preSolution
		Debug|Any CPU = Debug|Any CPU
		Release|Any CPU = Release|Any CPU
	EndGlobalSection
	GlobalSection(ProjectConfigurationPlatforms) = postSolution
		{57808FCF-D1FC-4599-BB6A-B2CD327B1E12}.Debug|Any CPU.ActiveCfg = Debug|Any CPU
		{57808FCF-D1FC-4599-BB6A-B2CD327B1E12}.Debug|Any CPU.Build.0 = Debug|Any CPU
		{57808FCF-D1FC-4599-BB6A-B2CD327B1E12}.Release|Any CPU.ActiveCfg = Release|Any CPU
		{57808FCF-D1FC-4599-BB6A-B2CD327B1E12}.Release|Any CPU.Build.0 = Release|Any CPU
	EndGlobalSection
	GlobalSection(SolutionProperties) = preSolution
		HideSolutionNode = FALSE
	EndGlobalSection
	GlobalSection(ExtensibilityGlobals) = postSolution
		SolutionGuid = {1BC01413-8FB2-445F-9CAA-D6B2B46B4692}
	EndGlobalSection
EndGlobal
